
Microsoft Visual Studio Solution File, Format Version 12.00
# Visual Studio Version 17
VisualStudioVersion = 17.14.36623.8 d17.14
MinimumVisualStudioVersion = 10.0.40219.1
Project("{FAE04EC0-301F-11D3-BF4B-00C04F79EFBC}") = "MirzaMediaPlayer", "MirzaMediaPlayer.csproj", "{03056771-DBE2-4D9D-9410-F4F29C48A2DB}"
EndProject
Global
	GlobalSection(SolutionConfigurationPlatforms) = preSolution
		Debug|Any CPU = Debug|Any CPU
		Release|Any CPU = Release|Any CPU
	EndGlobalSection
	GlobalSection(ProjectConfigurationPlatforms) = postSolution
		{03056771-DBE2-4D9D-9410-F4F29C48A2DB}.Debug|Any CPU.ActiveCfg = Debug|Any CPU
		{03056771-DBE2-4D9D-9410-F4F29C48A2DB}.Debug|Any CPU.Build.0 = Debug|Any CPU
		{03056771-DBE2-4D9D-9410-F4F29C48A2DB}.Release|Any CPU.ActiveCfg = Release|Any CPU
		{03056771-DBE2-4D9D-9410-F4F29C48A2DB}.Release|Any CPU.Build.0 = Release|Any CPU
	EndGlobalSection
	GlobalSection(SolutionProperties) = preSolution
		HideSolutionNode = FALSE
	EndGlobalSection
	GlobalSection(ExtensibilityGlobals) = postSolution
		SolutionGuid = {0931D4CB-5985-440B-8AE5-1413107695BD}
	EndGlobalSection
EndGlobal
